
Microsoft Visual Studio Solution File, Format Version 12.00
# Visual Studio Version 17
VisualStudioVersion = 17.9.34622.214
MinimumVisualStudioVersion = 10.0.40219.1
Project("{FAE04EC0-301F-11D3-BF4B-00C04F79EFBC}") = "burrows", "burrows\burrows.csproj", "{E0620E5F-6C9F-4BC7-9601-7D556DED1525}"
EndProject
Global
	GlobalSection(SolutionConfigurationPlatforms) = preSolution
		Debug|Any CPU = Debug|Any CPU
		Release|Any CPU = Release|Any CPU
	EndGlobalSection
	GlobalSection(ProjectConfigurationPlatforms) = postSolution
		{E0620E5F-6C9F-4BC7-9601-7D556DED1525}.Debug|Any CPU.ActiveCfg = Debug|Any CPU
		{E0620E5F-6C9F-4BC7-9601-7D556DED1525}.Debug|Any CPU.Build.0 = Debug|Any CPU
		{E0620E5F-6C9F-4BC7-9601-7D556DED1525}.Release|Any CPU.ActiveCfg = Release|Any CPU
		{E0620E5F-6C9F-4BC7-9601-7D556DED1525}.Release|Any CPU.Build.0 = Release|Any CPU
	EndGlobalSection
	GlobalSection(SolutionProperties) = preSolution
		HideSolutionNode = FALSE
	EndGlobalSection
	GlobalSection(ExtensibilityGlobals) = postSolution
		SolutionGuid = {16A9FF25-BEA7-4819-9EA8-1737331F0EB9}
	EndGlobalSection
EndGlobal
